// !$*UTF8*$!
{
	archiveVersion = 1;
	classes = {
	};
	objectVersion = 55;
	objects = {

/* Begin PBXBuildFile section */
		19348DBB2902E83200C63E6C /* AppDelegate.swift in Sources */ = {isa = PBXBuildFile; fileRef = 19348DBA2902E83200C63E6C /* AppDelegate.swift */; };
		19348DBD2902E83200C63E6C /* SceneDelegate.swift in Sources */ = {isa = PBXBuildFile; fileRef = 19348DBC2902E83200C63E6C /* SceneDelegate.swift */; };
		19348DBF2902E83200C63E6C /* ViewController.swift in Sources */ = {isa = PBXBuildFile; fileRef = 19348DBE2902E83200C63E6C /* ViewController.swift */; };
		19348DC22902E83200C63E6C /* Main.storyboard in Resources */ = {isa = PBXBuildFile; fileRef = 19348DC02902E83200C63E6C /* Main.storyboard */; };
		19348DC52902E83200C63E6C /* rebuyRateImg.xcdatamodeld in Sources */ = {isa = PBXBuildFile; fileRef = 19348DC32902E83200C63E6C /* rebuyRateImg.xcdatamodeld */; };
		19348DC72902E83300C63E6C /* Assets.xcassets in Resources */ = {isa = PBXBuildFile; fileRef = 19348DC62902E83300C63E6C /* Assets.xcassets */; };
		19348DCA2902E83300C63E6C /* LaunchScreen.storyboard in Resources */ = {isa = PBXBuildFile; fileRef = 19348DC82902E83300C63E6C /* LaunchScreen.storyboard */; };
		19348DD52902E83300C63E6C /* rebuyRateImgTests.swift in Sources */ = {isa = PBXBuildFile; fileRef = 19348DD42902E83300C63E6C /* rebuyRateImgTests.swift */; };
		19348DDF2902E83300C63E6C /* rebuyRateImgUITests.swift in Sources */ = {isa = PBXBuildFile; fileRef = 19348DDE2902E83300C63E6C /* rebuyRateImgUITests.swift */; };
		19348DE12902E83300C63E6C /* rebuyRateImgUITestsLaunchTests.swift in Sources */ = {isa = PBXBuildFile; fileRef = 19348DE02902E83300C63E6C /* rebuyRateImgUITestsLaunchTests.swift */; };
		1951C51129046EAE00B068BA /* Combine.framework in Frameworks */ = {isa = PBXBuildFile; fileRef = 1951C51029046EAE00B068BA /* Combine.framework */; };
		1951C51B2905A60800B068BA /* Models.swift in Sources */ = {isa = PBXBuildFile; fileRef = 1951C51A2905A60800B068BA /* Models.swift */; };
		1951C51D2905A70200B068BA /* NetworkManager.swift in Sources */ = {isa = PBXBuildFile; fileRef = 1951C51C2905A70200B068BA /* NetworkManager.swift */; };
		1951C51F2905ACF200B068BA /* NetworkService.swift in Sources */ = {isa = PBXBuildFile; fileRef = 1951C51E2905ACF200B068BA /* NetworkService.swift */; };
		19D187E22907229A00E60E77 /* CardView.swift in Sources */ = {isa = PBXBuildFile; fileRef = 19D187DF2907229900E60E77 /* CardView.swift */; };
		19D187E42907229A00E60E77 /* OnboardingViewController.swift in Sources */ = {isa = PBXBuildFile; fileRef = 19D187E12907229A00E60E77 /* OnboardingViewController.swift */; };
		19D187F72907FEB500E60E77 /* rebuyLogo.png in Resources */ = {isa = PBXBuildFile; fileRef = 19D187F62907FEB500E60E77 /* rebuyLogo.png */; };
		19D187FD2908267D00E60E77 /* Extensions.swift in Sources */ = {isa = PBXBuildFile; fileRef = 19D187FC2908267D00E60E77 /* Extensions.swift */; };
		19D187FF2908286B00E60E77 /* coupon.png in Resources */ = {isa = PBXBuildFile; fileRef = 19D187FE2908286B00E60E77 /* coupon.png */; };
		19D188012908350400E60E77 /* VoucherViewController.swift in Sources */ = {isa = PBXBuildFile; fileRef = 19D188002908350400E60E77 /* VoucherViewController.swift */; };
		19D188082908407A00E60E77 /* onBoarding1.png in Resources */ = {isa = PBXBuildFile; fileRef = 19D188032908407A00E60E77 /* onBoarding1.png */; };
		19D188092908407A00E60E77 /* onBoarding3.png in Resources */ = {isa = PBXBuildFile; fileRef = 19D188042908407A00E60E77 /* onBoarding3.png */; };
		19D1880A2908407A00E60E77 /* onBoarding4.png in Resources */ = {isa = PBXBuildFile; fileRef = 19D188052908407A00E60E77 /* onBoarding4.png */; };
		19D1880B2908407A00E60E77 /* onBoarding2.png in Resources */ = {isa = PBXBuildFile; fileRef = 19D188062908407A00E60E77 /* onBoarding2.png */; };
		19D1880C2908407A00E60E77 /* onBoarding5.png in Resources */ = {isa = PBXBuildFile; fileRef = 19D188072908407A00E60E77 /* onBoarding5.png */; };
/* End PBXBuildFile section */

/* Begin PBXContainerItemProxy section */
		19348DD12902E83300C63E6C /* PBXContainerItemProxy */ = {
			isa = PBXContainerItemProxy;
			containerPortal = 19348DAF2902E83200C63E6C /* Project object */;
			proxyType = 1;
			remoteGlobalIDString = 19348DB62902E83200C63E6C;
			remoteInfo = rebuyRateImg;
		};
		19348DDB2902E83300C63E6C /* PBXContainerItemProxy */ = {
			isa = PBXContainerItemProxy;
			containerPortal = 19348DAF2902E83200C63E6C /* Project object */;
			proxyType = 1;
			remoteGlobalIDString = 19348DB62902E83200C63E6C;
			remoteInfo = rebuyRateImg;
		};
/* End PBXContainerItemProxy section */

/* Begin PBXFileReference section */
		19348DB72902E83200C63E6C /* rebuyRateImg.app */ = {isa = PBXFileReference; explicitFileType = wrapper.application; includeInIndex = 0; path = rebuyRateImg.app; sourceTree = BUILT_PRODUCTS_DIR; };
		19348DBA2902E83200C63E6C /* AppDelegate.swift */ = {isa = PBXFileReference; lastKnownFileType = sourcecode.swift; path = AppDelegate.swift; sourceTree = "<group>"; };
		19348DBC2902E83200C63E6C /* SceneDelegate.swift */ = {isa = PBXFileReference; lastKnownFileType = sourcecode.swift; path = SceneDelegate.swift; sourceTree = "<group>"; };
		19348DBE2902E83200C63E6C /* ViewController.swift */ = {isa = PBXFileReference; lastKnownFileType = sourcecode.swift; path = ViewController.swift; sourceTree = "<group>"; };
		19348DC12902E83200C63E6C /* Base */ = {isa = PBXFileReference; lastKnownFileType = file.storyboard; name = Base; path = Base.lproj/Main.storyboard; sourceTree = "<group>"; };
		19348DC42902E83200C63E6C /* rebuyRateImg.xcdatamodel */ = {isa = PBXFileReference; lastKnownFileType = wrapper.xcdatamodel; path = rebuyRateImg.xcdatamodel; sourceTree = "<group>"; };
		19348DC62902E83300C63E6C /* Assets.xcassets */ = {isa = PBXFileReference; lastKnownFileType = folder.assetcatalog; path = Assets.xcassets; sourceTree = "<group>"; };
		19348DC92902E83300C63E6C /* Base */ = {isa = PBXFileReference; lastKnownFileType = file.storyboard; name = Base; path = Base.lproj/LaunchScreen.storyboard; sourceTree = "<group>"; };
		19348DCB2902E83300C63E6C /* Info.plist */ = {isa = PBXFileReference; lastKnownFileType = text.plist.xml; path = Info.plist; sourceTree = "<group>"; };
		19348DD02902E83300C63E6C /* rebuyRateImgTests.xctest */ = {isa = PBXFileReference; explicitFileType = wrapper.cfbundle; includeInIndex = 0; path = rebuyRateImgTests.xctest; sourceTree = BUILT_PRODUCTS_DIR; };
		19348DD42902E83300C63E6C /* rebuyRateImgTests.swift */ = {isa = PBXFileReference; lastKnownFileType = sourcecode.swift; path = rebuyRateImgTests.swift; sourceTree = "<group>"; };
		19348DDA2902E83300C63E6C /* rebuyRateImgUITests.xctest */ = {isa = PBXFileReference; explicitFileType = wrapper.cfbundle; includeInIndex = 0; path = rebuyRateImgUITests.xctest; sourceTree = BUILT_PRODUCTS_DIR; };
		19348DDE2902E83300C63E6C /* rebuyRateImgUITests.swift */ = {isa = PBXFileReference; lastKnownFileType = sourcecode.swift; path = rebuyRateImgUITests.swift; sourceTree = "<group>"; };
		19348DE02902E83300C63E6C /* rebuyRateImgUITestsLaunchTests.swift */ = {isa = PBXFileReference; lastKnownFileType = sourcecode.swift; path = rebuyRateImgUITestsLaunchTests.swift; sourceTree = "<group>"; };
		1951C51029046EAE00B068BA /* Combine.framework */ = {isa = PBXFileReference; lastKnownFileType = wrapper.framework; name = Combine.framework; path = System/Library/Frameworks/Combine.framework; sourceTree = SDKROOT; };
		1951C51A2905A60800B068BA /* Models.swift */ = {isa = PBXFileReference; lastKnownFileType = sourcecode.swift; path = Models.swift; sourceTree = "<group>"; };
		1951C51C2905A70200B068BA /* NetworkManager.swift */ = {isa = PBXFileReference; lastKnownFileType = sourcecode.swift; path = NetworkManager.swift; sourceTree = "<group>"; };
		1951C51E2905ACF200B068BA /* NetworkService.swift */ = {isa = PBXFileReference; lastKnownFileType = sourcecode.swift; path = NetworkService.swift; sourceTree = "<group>"; };
		19D187DF2907229900E60E77 /* CardView.swift */ = {isa = PBXFileReference; fileEncoding = 4; lastKnownFileType = sourcecode.swift; path = CardView.swift; sourceTree = "<group>"; };
		19D187E12907229A00E60E77 /* OnboardingViewController.swift */ = {isa = PBXFileReference; fileEncoding = 4; lastKnownFileType = sourcecode.swift; path = OnboardingViewController.swift; sourceTree = "<group>"; };
		19D187F62907FEB500E60E77 /* rebuyLogo.png */ = {isa = PBXFileReference; lastKnownFileType = image.png; path = rebuyLogo.png; sourceTree = "<group>"; };
		19D187FC2908267D00E60E77 /* Extensions.swift */ = {isa = PBXFileReference; lastKnownFileType = sourcecode.swift; path = Extensions.swift; sourceTree = "<group>"; };
		19D187FE2908286B00E60E77 /* coupon.png */ = {isa = PBXFileReference; lastKnownFileType = image.png; path = coupon.png; sourceTree = "<group>"; };
		19D188002908350400E60E77 /* VoucherViewController.swift */ = {isa = PBXFileReference; lastKnownFileType = sourcecode.swift; path = VoucherViewController.swift; sourceTree = "<group>"; };
		19D188032908407A00E60E77 /* onBoarding1.png */ = {isa = PBXFileReference; lastKnownFileType = image.png; path = onBoarding1.png; sourceTree = "<group>"; };
		19D188042908407A00E60E77 /* onBoarding3.png */ = {isa = PBXFileReference; lastKnownFileType = image.png; path = onBoarding3.png; sourceTree = "<group>"; };
		19D188052908407A00E60E77 /* onBoarding4.png */ = {isa = PBXFileReference; lastKnownFileType = image.png; path = onBoarding4.png; sourceTree = "<group>"; };
		19D188062908407A00E60E77 /* onBoarding2.png */ = {isa = PBXFileReference; lastKnownFileType = image.png; path = onBoarding2.png; sourceTree = "<group>"; };
		19D188072908407A00E60E77 /* onBoarding5.png */ = {isa = PBXFileReference; lastKnownFileType = image.png; path = onBoarding5.png; sourceTree = "<group>"; };
/* End PBXFileReference section */

/* Begin PBXFrameworksBuildPhase section */
		19348DB42902E83200C63E6C /* Frameworks */ = {
			isa = PBXFrameworksBuildPhase;
			buildActionMask = 2147483647;
			files = (
				1951C51129046EAE00B068BA /* Combine.framework in Frameworks */,
			);
			runOnlyForDeploymentPostprocessing = 0;
		};
		19348DCD2902E83300C63E6C /* Frameworks */ = {
			isa = PBXFrameworksBuildPhase;
			buildActionMask = 2147483647;
			files = (
			);
			runOnlyForDeploymentPostprocessing = 0;
		};
		19348DD72902E83300C63E6C /* Frameworks */ = {
			isa = PBXFrameworksBuildPhase;
			buildActionMask = 2147483647;
			files = (
			);
			runOnlyForDeploymentPostprocessing = 0;
		};
/* End PBXFrameworksBuildPhase section */

/* Begin PBXGroup section */
		19348DAE2902E83200C63E6C = {
			isa = PBXGroup;
			children = (
				19348DB92902E83200C63E6C /* rebuyRateImg */,
				19348DD32902E83300C63E6C /* rebuyRateImgTests */,
				19348DDD2902E83300C63E6C /* rebuyRateImgUITests */,
				19348DB82902E83200C63E6C /* Products */,
				1951C50F29046EAD00B068BA /* Frameworks */,
			);
			sourceTree = "<group>";
		};
		19348DB82902E83200C63E6C /* Products */ = {
			isa = PBXGroup;
			children = (
				19348DB72902E83200C63E6C /* rebuyRateImg.app */,
				19348DD02902E83300C63E6C /* rebuyRateImgTests.xctest */,
				19348DDA2902E83300C63E6C /* rebuyRateImgUITests.xctest */,
			);
			name = Products;
			sourceTree = "<group>";
		};
		19348DB92902E83200C63E6C /* rebuyRateImg */ = {
			isa = PBXGroup;
			children = (
				19D187FB2908266D00E60E77 /* Extensions */,
				19D187F42907FE6800E60E77 /* ViewControllers */,
				19D187F32907FE5F00E60E77 /* Delegates */,
				19D187F22907FE5000E60E77 /* Storyboards */,
				19D187F12907FE4800E60E77 /* Models */,
				19D187D3290712A000E60E77 /* Assets */,
				1951C5192905A5F500B068BA /* Network */,
				19348DCB2902E83300C63E6C /* Info.plist */,
				19348DC32902E83200C63E6C /* rebuyRateImg.xcdatamodeld */,
			);
			path = rebuyRateImg;
			sourceTree = "<group>";
		};
		19348DD32902E83300C63E6C /* rebuyRateImgTests */ = {
			isa = PBXGroup;
			children = (
				19348DD42902E83300C63E6C /* rebuyRateImgTests.swift */,
			);
			path = rebuyRateImgTests;
			sourceTree = "<group>";
		};
		19348DDD2902E83300C63E6C /* rebuyRateImgUITests */ = {
			isa = PBXGroup;
			children = (
				19348DDE2902E83300C63E6C /* rebuyRateImgUITests.swift */,
				19348DE02902E83300C63E6C /* rebuyRateImgUITestsLaunchTests.swift */,
			);
			path = rebuyRateImgUITests;
			sourceTree = "<group>";
		};
		1951C50F29046EAD00B068BA /* Frameworks */ = {
			isa = PBXGroup;
			children = (
				1951C51029046EAE00B068BA /* Combine.framework */,
			);
			name = Frameworks;
			sourceTree = "<group>";
		};
		1951C5192905A5F500B068BA /* Network */ = {
			isa = PBXGroup;
			children = (
				1951C51C2905A70200B068BA /* NetworkManager.swift */,
				1951C51E2905ACF200B068BA /* NetworkService.swift */,
			);
			path = Network;
			sourceTree = "<group>";
		};
		19D187D3290712A000E60E77 /* Assets */ = {
			isa = PBXGroup;
			children = (
				19D187F52907FEAA00E60E77 /* Images */,
				19348DC62902E83300C63E6C /* Assets.xcassets */,
			);
			path = Assets;
			sourceTree = "<group>";
		};
		19D187D82907170A00E60E77 /* Onboarding */ = {
			isa = PBXGroup;
			children = (
				19D187DF2907229900E60E77 /* CardView.swift */,
				19D187E12907229A00E60E77 /* OnboardingViewController.swift */,
			);
			path = Onboarding;
			sourceTree = "<group>";
		};
		19D187F12907FE4800E60E77 /* Models */ = {
			isa = PBXGroup;
			children = (
				1951C51A2905A60800B068BA /* Models.swift */,
			);
			path = Models;
			sourceTree = "<group>";
		};
		19D187F22907FE5000E60E77 /* Storyboards */ = {
			isa = PBXGroup;
			children = (
				19348DC02902E83200C63E6C /* Main.storyboard */,
				19348DC82902E83300C63E6C /* LaunchScreen.storyboard */,
			);
			path = Storyboards;
			sourceTree = "<group>";
		};
		19D187F32907FE5F00E60E77 /* Delegates */ = {
			isa = PBXGroup;
			children = (
				19348DBA2902E83200C63E6C /* AppDelegate.swift */,
				19348DBC2902E83200C63E6C /* SceneDelegate.swift */,
			);
			path = Delegates;
			sourceTree = "<group>";
		};
		19D187F42907FE6800E60E77 /* ViewControllers */ = {
			isa = PBXGroup;
			children = (
				19D187D82907170A00E60E77 /* Onboarding */,
				19348DBE2902E83200C63E6C /* ViewController.swift */,
				19D188002908350400E60E77 /* VoucherViewController.swift */,
			);
			path = ViewControllers;
			sourceTree = "<group>";
		};
		19D187F52907FEAA00E60E77 /* Images */ = {
			isa = PBXGroup;
			children = (
				19D188022908407200E60E77 /* Onboarding */,
				19D187FE2908286B00E60E77 /* coupon.png */,
				19D187F62907FEB500E60E77 /* rebuyLogo.png */,
			);
			path = Images;
			sourceTree = "<group>";
		};
		19D187FB2908266D00E60E77 /* Extensions */ = {
			isa = PBXGroup;
			children = (
				19D187FC2908267D00E60E77 /* Extensions.swift */,
			);
			path = Extensions;
			sourceTree = "<group>";
		};
		19D188022908407200E60E77 /* Onboarding */ = {
			isa = PBXGroup;
			children = (
				19D188032908407A00E60E77 /* onBoarding1.png */,
				19D188062908407A00E60E77 /* onBoarding2.png */,
				19D188042908407A00E60E77 /* onBoarding3.png */,
				19D188052908407A00E60E77 /* onBoarding4.png */,
				19D188072908407A00E60E77 /* onBoarding5.png */,
			);
			path = Onboarding;
			sourceTree = "<group>";
		};
/* End PBXGroup section */

/* Begin PBXNativeTarget section */
		19348DB62902E83200C63E6C /* rebuyRateImg */ = {
			isa = PBXNativeTarget;
			buildConfigurationList = 19348DE42902E83300C63E6C /* Build configuration list for PBXNativeTarget "rebuyRateImg" */;
			buildPhases = (
				19348DB32902E83200C63E6C /* Sources */,
				19348DB42902E83200C63E6C /* Frameworks */,
				19348DB52902E83200C63E6C /* Resources */,
			);
			buildRules = (
			);
			dependencies = (
			);
			name = rebuyRateImg;
			productName = rebuyRateImg;
			productReference = 19348DB72902E83200C63E6C /* rebuyRateImg.app */;
			productType = "com.apple.product-type.application";
		};
		19348DCF2902E83300C63E6C /* rebuyRateImgTests */ = {
			isa = PBXNativeTarget;
			buildConfigurationList = 19348DE72902E83300C63E6C /* Build configuration list for PBXNativeTarget "rebuyRateImgTests" */;
			buildPhases = (
				19348DCC2902E83300C63E6C /* Sources */,
				19348DCD2902E83300C63E6C /* Frameworks */,
				19348DCE2902E83300C63E6C /* Resources */,
			);
			buildRules = (
			);
			dependencies = (
				19348DD22902E83300C63E6C /* PBXTargetDependency */,
			);
			name = rebuyRateImgTests;
			productName = rebuyRateImgTests;
			productReference = 19348DD02902E83300C63E6C /* rebuyRateImgTests.xctest */;
			productType = "com.apple.product-type.bundle.unit-test";
		};
		19348DD92902E83300C63E6C /* rebuyRateImgUITests */ = {
			isa = PBXNativeTarget;
			buildConfigurationList = 19348DEA2902E83300C63E6C /* Build configuration list for PBXNativeTarget "rebuyRateImgUITests" */;
			buildPhases = (
				19348DD62902E83300C63E6C /* Sources */,
				19348DD72902E83300C63E6C /* Frameworks */,
				19348DD82902E83300C63E6C /* Resources */,
			);
			buildRules = (
			);
			dependencies = (
				19348DDC2902E83300C63E6C /* PBXTargetDependency */,
			);
			name = rebuyRateImgUITests;
			productName = rebuyRateImgUITests;
			productReference = 19348DDA2902E83300C63E6C /* rebuyRateImgUITests.xctest */;
			productType = "com.apple.product-type.bundle.ui-testing";
		};
/* End PBXNativeTarget section */

/* Begin PBXProject section */
		19348DAF2902E83200C63E6C /* Project object */ = {
			isa = PBXProject;
			attributes = {
				BuildIndependentTargetsInParallel = 1;
				LastSwiftUpdateCheck = 1340;
				LastUpgradeCheck = 1340;
				TargetAttributes = {
					19348DB62902E83200C63E6C = {
						CreatedOnToolsVersion = 13.4.1;
					};
					19348DCF2902E83300C63E6C = {
						CreatedOnToolsVersion = 13.4.1;
						TestTargetID = 19348DB62902E83200C63E6C;
					};
					19348DD92902E83300C63E6C = {
						CreatedOnToolsVersion = 13.4.1;
						TestTargetID = 19348DB62902E83200C63E6C;
					};
				};
			};
			buildConfigurationList = 19348DB22902E83200C63E6C /* Build configuration list for PBXProject "rebuyRateImg" */;
			compatibilityVersion = "Xcode 13.0";
			developmentRegion = en;
			hasScannedForEncodings = 0;
			knownRegions = (
				en,
				Base,
			);
			mainGroup = 19348DAE2902E83200C63E6C;
			productRefGroup = 19348DB82902E83200C63E6C /* Products */;
			projectDirPath = "";
			projectRoot = "";
			targets = (
				19348DB62902E83200C63E6C /* rebuyRateImg */,
				19348DCF2902E83300C63E6C /* rebuyRateImgTests */,
				19348DD92902E83300C63E6C /* rebuyRateImgUITests */,
			);
		};
/* End PBXProject section */

/* Begin PBXResourcesBuildPhase section */
		19348DB52902E83200C63E6C /* Resources */ = {
			isa = PBXResourcesBuildPhase;
			buildActionMask = 2147483647;
			files = (
				19348DCA2902E83300C63E6C /* LaunchScreen.storyboard in Resources */,
				19D1880A2908407A00E60E77 /* onBoarding4.png in Resources */,
				19D1880C2908407A00E60E77 /* onBoarding5.png in Resources */,
				19D1880B2908407A00E60E77 /* onBoarding2.png in Resources */,
				19D188092908407A00E60E77 /* onBoarding3.png in Resources */,
				19D187FF2908286B00E60E77 /* coupon.png in Resources */,
				19D188082908407A00E60E77 /* onBoarding1.png in Resources */,
				19348DC72902E83300C63E6C /* Assets.xcassets in Resources */,
				19348DC22902E83200C63E6C /* Main.storyboard in Resources */,
				19D187F72907FEB500E60E77 /* rebuyLogo.png in Resources */,
			);
			runOnlyForDeploymentPostprocessing = 0;
		};
		19348DCE2902E83300C63E6C /* Resources */ = {
			isa = PBXResourcesBuildPhase;
			buildActionMask = 2147483647;
			files = (
			);
			runOnlyForDeploymentPostprocessing = 0;
		};
		19348DD82902E83300C63E6C /* Resources */ = {
			isa = PBXResourcesBuildPhase;
			buildActionMask = 2147483647;
			files = (
			);
			runOnlyForDeploymentPostprocessing = 0;
		};
/* End PBXResourcesBuildPhase section */

/* Begin PBXSourcesBuildPhase section */
		19348DB32902E83200C63E6C /* Sources */ = {
			isa = PBXSourcesBuildPhase;
			buildActionMask = 2147483647;
			files = (
				19D187E22907229A00E60E77 /* CardView.swift in Sources */,
				1951C51D2905A70200B068BA /* NetworkManager.swift in Sources */,
				19348DBF2902E83200C63E6C /* ViewController.swift in Sources */,
				19348DC52902E83200C63E6C /* rebuyRateImg.xcdatamodeld in Sources */,
				19348DBB2902E83200C63E6C /* AppDelegate.swift in Sources */,
				19348DBD2902E83200C63E6C /* SceneDelegate.swift in Sources */,
				19D187E42907229A00E60E77 /* OnboardingViewController.swift in Sources */,
				1951C51B2905A60800B068BA /* Models.swift in Sources */,
				19D188012908350400E60E77 /* VoucherViewController.swift in Sources */,
				19D187FD2908267D00E60E77 /* Extensions.swift in Sources */,
				1951C51F2905ACF200B068BA /* NetworkService.swift in Sources */,
			);
			runOnlyForDeploymentPostprocessing = 0;
		};
		19348DCC2902E83300C63E6C /* Sources */ = {
			isa = PBXSourcesBuildPhase;
			buildActionMask = 2147483647;
			files = (
				19348DD52902E83300C63E6C /* rebuyRateImgTests.swift in Sources */,
			);
			runOnlyForDeploymentPostprocessing = 0;
		};
		19348DD62902E83300C63E6C /* Sources */ = {
			isa = PBXSourcesBuildPhase;
			buildActionMask = 2147483647;
			files = (
				19348DE12902E83300C63E6C /* rebuyRateImgUITestsLaunchTests.swift in Sources */,
				19348DDF2902E83300C63E6C /* rebuyRateImgUITests.swift in Sources */,
			);
			runOnlyForDeploymentPostprocessing = 0;
		};
/* End PBXSourcesBuildPhase section */

/* Begin PBXTargetDependency section */
		19348DD22902E83300C63E6C /* PBXTargetDependency */ = {
			isa = PBXTargetDependency;
			target = 19348DB62902E83200C63E6C /* rebuyRateImg */;
			targetProxy = 19348DD12902E83300C63E6C /* PBXContainerItemProxy */;
		};
		19348DDC2902E83300C63E6C /* PBXTargetDependency */ = {
			isa = PBXTargetDependency;
			target = 19348DB62902E83200C63E6C /* rebuyRateImg */;
			targetProxy = 19348DDB2902E83300C63E6C /* PBXContainerItemProxy */;
		};
/* End PBXTargetDependency section */

/* Begin PBXVariantGroup section */
		19348DC02902E83200C63E6C /* Main.storyboard */ = {
			isa = PBXVariantGroup;
			children = (
				19348DC12902E83200C63E6C /* Base */,
			);
			name = Main.storyboard;
			sourceTree = "<group>";
		};
		19348DC82902E83300C63E6C /* LaunchScreen.storyboard */ = {
			isa = PBXVariantGroup;
			children = (
				19348DC92902E83300C63E6C /* Base */,
			);
			name = LaunchScreen.storyboard;
			sourceTree = "<group>";
		};
/* End PBXVariantGroup section */

/* Begin XCBuildConfiguration section */
		19348DE22902E83300C63E6C /* Debug */ = {
			isa = XCBuildConfiguration;
			buildSettings = {
				ALWAYS_SEARCH_USER_PATHS = NO;
				CLANG_ANALYZER_NONNULL = YES;
				CLANG_ANALYZER_NUMBER_OBJECT_CONVERSION = YES_AGGRESSIVE;
				CLANG_CXX_LANGUAGE_STANDARD = "gnu++17";
				CLANG_ENABLE_MODULES = YES;
				CLANG_ENABLE_OBJC_ARC = YES;
				CLANG_ENABLE_OBJC_WEAK = YES;
				CLANG_WARN_BLOCK_CAPTURE_AUTORELEASING = YES;
				CLANG_WARN_BOOL_CONVERSION = YES;
				CLANG_WARN_COMMA = YES;
				CLANG_WARN_CONSTANT_CONVERSION = YES;
				CLANG_WARN_DEPRECATED_OBJC_IMPLEMENTATIONS = YES;
				CLANG_WARN_DIRECT_OBJC_ISA_USAGE = YES_ERROR;
				CLANG_WARN_DOCUMENTATION_COMMENTS = YES;
				CLANG_WARN_EMPTY_BODY = YES;
				CLANG_WARN_ENUM_CONVERSION = YES;
				CLANG_WARN_INFINITE_RECURSION = YES;
				CLANG_WARN_INT_CONVERSION = YES;
				CLANG_WARN_NON_LITERAL_NULL_CONVERSION = YES;
				CLANG_WARN_OBJC_IMPLICIT_RETAIN_SELF = YES;
				CLANG_WARN_OBJC_LITERAL_CONVERSION = YES;
				CLANG_WARN_OBJC_ROOT_CLASS = YES_ERROR;
				CLANG_WARN_QUOTED_INCLUDE_IN_FRAMEWORK_HEADER = YES;
				CLANG_WARN_RANGE_LOOP_ANALYSIS = YES;
				CLANG_WARN_STRICT_PROTOTYPES = YES;
				CLANG_WARN_SUSPICIOUS_MOVE = YES;
				CLANG_WARN_UNGUARDED_AVAILABILITY = YES_AGGRESSIVE;
				CLANG_WARN_UNREACHABLE_CODE = YES;
				CLANG_WARN__DUPLICATE_METHOD_MATCH = YES;
				COPY_PHASE_STRIP = NO;
				DEBUG_INFORMATION_FORMAT = dwarf;
				ENABLE_STRICT_OBJC_MSGSEND = YES;
				ENABLE_TESTABILITY = YES;
				GCC_C_LANGUAGE_STANDARD = gnu11;
				GCC_DYNAMIC_NO_PIC = NO;
				GCC_NO_COMMON_BLOCKS = YES;
				GCC_OPTIMIZATION_LEVEL = 0;
				GCC_PREPROCESSOR_DEFINITIONS = (
					"DEBUG=1",
					"$(inherited)",
				);
				GCC_WARN_64_TO_32_BIT_CONVERSION = YES;
				GCC_WARN_ABOUT_RETURN_TYPE = YES_ERROR;
				GCC_WARN_UNDECLARED_SELECTOR = YES;
				GCC_WARN_UNINITIALIZED_AUTOS = YES_AGGRESSIVE;
				GCC_WARN_UNUSED_FUNCTION = YES;
				GCC_WARN_UNUSED_VARIABLE = YES;
				IPHONEOS_DEPLOYMENT_TARGET = 15.5;
				MTL_ENABLE_DEBUG_INFO = INCLUDE_SOURCE;
				MTL_FAST_MATH = YES;
				ONLY_ACTIVE_ARCH = YES;
				SDKROOT = iphoneos;
				SWIFT_ACTIVE_COMPILATION_CONDITIONS = DEBUG;
				SWIFT_OPTIMIZATION_LEVEL = "-Onone";
			};
			name = Debug;
		};
		19348DE32902E83300C63E6C /* Release */ = {
			isa = XCBuildConfiguration;
			buildSettings = {
				ALWAYS_SEARCH_USER_PATHS = NO;
				CLANG_ANALYZER_NONNULL = YES;
				CLANG_ANALYZER_NUMBER_OBJECT_CONVERSION = YES_AGGRESSIVE;
				CLANG_CXX_LANGUAGE_STANDARD = "gnu++17";
				CLANG_ENABLE_MODULES = YES;
				CLANG_ENABLE_OBJC_ARC = YES;
				CLANG_ENABLE_OBJC_WEAK = YES;
				CLANG_WARN_BLOCK_CAPTURE_AUTORELEASING = YES;
				CLANG_WARN_BOOL_CONVERSION = YES;
				CLANG_WARN_COMMA = YES;
				CLANG_WARN_CONSTANT_CONVERSION = YES;
				CLANG_WARN_DEPRECATED_OBJC_IMPLEMENTATIONS = YES;
				CLANG_WARN_DIRECT_OBJC_ISA_USAGE = YES_ERROR;
				CLANG_WARN_DOCUMENTATION_COMMENTS = YES;
				CLANG_WARN_EMPTY_BODY = YES;
				CLANG_WARN_ENUM_CONVERSION = YES;
				CLANG_WARN_INFINITE_RECURSION = YES;
				CLANG_WARN_INT_CONVERSION = YES;
				CLANG_WARN_NON_LITERAL_NULL_CONVERSION = YES;
				CLANG_WARN_OBJC_IMPLICIT_RETAIN_SELF = YES;
				CLANG_WARN_OBJC_LITERAL_CONVERSION = YES;
				CLANG_WARN_OBJC_ROOT_CLASS = YES_ERROR;
				CLANG_WARN_QUOTED_INCLUDE_IN_FRAMEWORK_HEADER = YES;
				CLANG_WARN_RANGE_LOOP_ANALYSIS = YES;
				CLANG_WARN_STRICT_PROTOTYPES = YES;
				CLANG_WARN_SUSPICIOUS_MOVE = YES;
				CLANG_WARN_UNGUARDED_AVAILABILITY = YES_AGGRESSIVE;
				CLANG_WARN_UNREACHABLE_CODE = YES;
				CLANG_WARN__DUPLICATE_METHOD_MATCH = YES;
				COPY_PHASE_STRIP = NO;
				DEBUG_INFORMATION_FORMAT = "dwarf-with-dsym";
				ENABLE_NS_ASSERTIONS = NO;
				ENABLE_STRICT_OBJC_MSGSEND = YES;
				GCC_C_LANGUAGE_STANDARD = gnu11;
				GCC_NO_COMMON_BLOCKS = YES;
				GCC_WARN_64_TO_32_BIT_CONVERSION = YES;
				GCC_WARN_ABOUT_RETURN_TYPE = YES_ERROR;
				GCC_WARN_UNDECLARED_SELECTOR = YES;
				GCC_WARN_UNINITIALIZED_AUTOS = YES_AGGRESSIVE;
				GCC_WARN_UNUSED_FUNCTION = YES;
				GCC_WARN_UNUSED_VARIABLE = YES;
				IPHONEOS_DEPLOYMENT_TARGET = 15.5;
				MTL_ENABLE_DEBUG_INFO = NO;
				MTL_FAST_MATH = YES;
				SDKROOT = iphoneos;
				SWIFT_COMPILATION_MODE = wholemodule;
				SWIFT_OPTIMIZATION_LEVEL = "-O";
				VALIDATE_PRODUCT = YES;
			};
			name = Release;
		};
		19348DE52902E83300C63E6C /* Debug */ = {
			isa = XCBuildConfiguration;
			buildSettings = {
				ASSETCATALOG_COMPILER_APPICON_NAME = AppIcon;
				ASSETCATALOG_COMPILER_GLOBAL_ACCENT_COLOR_NAME = AccentColor;
				CODE_SIGN_STYLE = Automatic;
				CURRENT_PROJECT_VERSION = 1;
				GENERATE_INFOPLIST_FILE = YES;
				INFOPLIST_FILE = rebuyRateImg/Info.plist;
				INFOPLIST_KEY_UIApplicationSupportsIndirectInputEvents = YES;
				INFOPLIST_KEY_UILaunchStoryboardName = LaunchScreen;
				INFOPLIST_KEY_UIMainStoryboardFile = Main;
				INFOPLIST_KEY_UISupportedInterfaceOrientations_iPad = "UIInterfaceOrientationPortrait UIInterfaceOrientationPortraitUpsideDown UIInterfaceOrientationLandscapeLeft UIInterfaceOrientationLandscapeRight";
				INFOPLIST_KEY_UISupportedInterfaceOrientations_iPhone = "UIInterfaceOrientationPortrait UIInterfaceOrientationLandscapeLeft UIInterfaceOrientationLandscapeRight";
				LD_RUNPATH_SEARCH_PATHS = (
					"$(inherited)",
					"@executable_path/Frameworks",
				);
				MARKETING_VERSION = 1.0;
				PRODUCT_BUNDLE_IDENTIFIER = com.test.rebuyRateImg;
				PRODUCT_NAME = "$(TARGET_NAME)";
				SWIFT_EMIT_LOC_STRINGS = YES;
				SWIFT_VERSION = 5.0;
				TARGETED_DEVICE_FAMILY = "1,2";
			};
			name = Debug;
		};
		19348DE62902E83300C63E6C /* Release */ = {
			isa = XCBuildConfiguration;
			buildSettings = {
				ASSETCATALOG_COMPILER_APPICON_NAME = AppIcon;
				ASSETCATALOG_COMPILER_GLOBAL_ACCENT_COLOR_NAME = AccentColor;
				CODE_SIGN_STYLE = Automatic;
				CURRENT_PROJECT_VERSION = 1;
				GENERATE_INFOPLIST_FILE = YES;
				INFOPLIST_FILE = rebuyRateImg/Info.plist;
				INFOPLIST_KEY_UIApplicationSupportsIndirectInputEvents = YES;
				INFOPLIST_KEY_UILaunchStoryboardName = LaunchScreen;
				INFOPLIST_KEY_UIMainStoryboardFile = Main;
				INFOPLIST_KEY_UISupportedInterfaceOrientations_iPad = "UIInterfaceOrientationPortrait UIInterfaceOrientationPortraitUpsideDown UIInterfaceOrientationLandscapeLeft UIInterfaceOrientationLandscapeRight";
				INFOPLIST_KEY_UISupportedInterfaceOrientations_iPhone = "UIInterfaceOrientationPortrait UIInterfaceOrientationLandscapeLeft UIInterfaceOrientationLandscapeRight";
				LD_RUNPATH_SEARCH_PATHS = (
					"$(inherited)",
					"@executable_path/Frameworks",
				);
				MARKETING_VERSION = 1.0;
				PRODUCT_BUNDLE_IDENTIFIER = com.test.rebuyRateImg;
				PRODUCT_NAME = "$(TARGET_NAME)";
				SWIFT_EMIT_LOC_STRINGS = YES;
				SWIFT_VERSION = 5.0;
				TARGETED_DEVICE_FAMILY = "1,2";
			};
			name = Release;
		};
		19348DE82902E83300C63E6C /* Debug */ = {
			isa = XCBuildConfiguration;
			buildSettings = {
				ALWAYS_EMBED_SWIFT_STANDARD_LIBRARIES = YES;
				BUNDLE_LOADER = "$(TEST_HOST)";
				CODE_SIGN_STYLE = Automatic;
				CURRENT_PROJECT_VERSION = 1;
				GENERATE_INFOPLIST_FILE = YES;
				IPHONEOS_DEPLOYMENT_TARGET = 15.5;
				MARKETING_VERSION = 1.0;
				PRODUCT_BUNDLE_IDENTIFIER = com.test.rebuyRateImgTests;
				PRODUCT_NAME = "$(TARGET_NAME)";
				SWIFT_EMIT_LOC_STRINGS = NO;
				SWIFT_VERSION = 5.0;
				TARGETED_DEVICE_FAMILY = "1,2";
				TEST_HOST = "$(BUILT_PRODUCTS_DIR)/rebuyRateImg.app/rebuyRateImg";
			};
			name = Debug;
		};
		19348DE92902E83300C63E6C /* Release */ = {
			isa = XCBuildConfiguration;
			buildSettings = {
				ALWAYS_EMBED_SWIFT_STANDARD_LIBRARIES = YES;
				BUNDLE_LOADER = "$(TEST_HOST)";
				CODE_SIGN_STYLE = Automatic;
				CURRENT_PROJECT_VERSION = 1;
				GENERATE_INFOPLIST_FILE = YES;
				IPHONEOS_DEPLOYMENT_TARGET = 15.5;
				MARKETING_VERSION = 1.0;
				PRODUCT_BUNDLE_IDENTIFIER = com.test.rebuyRateImgTests;
				PRODUCT_NAME = "$(TARGET_NAME)";
				SWIFT_EMIT_LOC_STRINGS = NO;
				SWIFT_VERSION = 5.0;
				TARGETED_DEVICE_FAMILY = "1,2";
				TEST_HOST = "$(BUILT_PRODUCTS_DIR)/rebuyRateImg.app/rebuyRateImg";
			};
			name = Release;
		};
		19348DEB2902E83300C63E6C /* Debug */ = {
			isa = XCBuildConfiguration;
			buildSettings = {
				ALWAYS_EMBED_SWIFT_STANDARD_LIBRARIES = YES;
				CODE_SIGN_STYLE = Automatic;
				CURRENT_PROJECT_VERSION = 1;
				GENERATE_INFOPLIST_FILE = YES;
				MARKETING_VERSION = 1.0;
				PRODUCT_BUNDLE_IDENTIFIER = com.test.rebuyRateImgUITests;
				PRODUCT_NAME = "$(TARGET_NAME)";
				SWIFT_EMIT_LOC_STRINGS = NO;
				SWIFT_VERSION = 5.0;
				TARGETED_DEVICE_FAMILY = "1,2";
				TEST_TARGET_NAME = rebuyRateImg;
			};
			name = Debug;
		};
		19348DEC2902E83300C63E6C /* Release */ = {
			isa = XCBuildConfiguration;
			buildSettings = {
				ALWAYS_EMBED_SWIFT_STANDARD_LIBRARIES = YES;
				CODE_SIGN_STYLE = Automatic;
				CURRENT_PROJECT_VERSION = 1;
				GENERATE_INFOPLIST_FILE = YES;
				MARKETING_VERSION = 1.0;
				PRODUCT_BUNDLE_IDENTIFIER = com.test.rebuyRateImgUITests;
				PRODUCT_NAME = "$(TARGET_NAME)";
				SWIFT_EMIT_LOC_STRINGS = NO;
				SWIFT_VERSION = 5.0;
				TARGETED_DEVICE_FAMILY = "1,2";
				TEST_TARGET_NAME = rebuyRateImg;
			};
			name = Release;
		};
/* End XCBuildConfiguration section */

/* Begin XCConfigurationList section */
		19348DB22902E83200C63E6C /* Build configuration list for PBXProject "rebuyRateImg" */ = {
			isa = XCConfigurationList;
			buildConfigurations = (
				19348DE22902E83300C63E6C /* Debug */,
				19348DE32902E83300C63E6C /* Release */,
			);
			defaultConfigurationIsVisible = 0;
			defaultConfigurationName = Release;
		};
		19348DE42902E83300C63E6C /* Build configuration list for PBXNativeTarget "rebuyRateImg" */ = {
			isa = XCConfigurationList;
			buildConfigurations = (
				19348DE52902E83300C63E6C /* Debug */,
				19348DE62902E83300C63E6C /* Release */,
			);
			defaultConfigurationIsVisible = 0;
			defaultConfigurationName = Release;
		};
		19348DE72902E83300C63E6C /* Build configuration list for PBXNativeTarget "rebuyRateImgTests" */ = {
			isa = XCConfigurationList;
			buildConfigurations = (
				19348DE82902E83300C63E6C /* Debug */,
				19348DE92902E83300C63E6C /* Release */,
			);
			defaultConfigurationIsVisible = 0;
			defaultConfigurationName = Release;
		};
		19348DEA2902E83300C63E6C /* Build configuration list for PBXNativeTarget "rebuyRateImgUITests" */ = {
			isa = XCConfigurationList;
			buildConfigurations = (
				19348DEB2902E83300C63E6C /* Debug */,
				19348DEC2902E83300C63E6C /* Release */,
			);
			defaultConfigurationIsVisible = 0;
			defaultConfigurationName = Release;
		};
/* End XCConfigurationList section */

/* Begin XCVersionGroup section */
		19348DC32902E83200C63E6C /* rebuyRateImg.xcdatamodeld */ = {
			isa = XCVersionGroup;
			children = (
				19348DC42902E83200C63E6C /* rebuyRateImg.xcdatamodel */,
			);
			currentVersion = 19348DC42902E83200C63E6C /* rebuyRateImg.xcdatamodel */;
			path = rebuyRateImg.xcdatamodeld;
			sourceTree = "<group>";
			versionGroupType = wrapper.xcdatamodel;
		};
/* End XCVersionGroup section */
	};
	rootObject = 19348DAF2902E83200C63E6C /* Project object */;
}
